
Microsoft Visual Studio Solution File, Format Version 12.00
# Visual Studio 15
VisualStudioVersion = 15.0.28307.421
MinimumVisualStudioVersion = 10.0.40219.1
Project("{9A19103F-16F7-4668-BE54-9A1E7A4F7556}") = "MethodsLab", "MethodsLab\MethodsLab.csproj", "{1967C2EA-0A83-4C32-998C-A1B6B5A3C31B}"
EndProject
Project("{FAE04EC0-301F-11D3-BF4B-00C04F79EFBC}") = "01. Sign of Integer Numbers", "01. Sign of Integer Numbers\01. Sign of Integer Numbers.csproj", "{5B0378FD-5424-4B00-A329-B51E0D81197B}"
EndProject
Project("{FAE04EC0-301F-11D3-BF4B-00C04F79EFBC}") = "02. Grades", "02. Grades\02. Grades.csproj", "{5BE473F9-379B-4C98-BA47-6AB93347ED3A}"
EndProject
Project("{FAE04EC0-301F-11D3-BF4B-00C04F79EFBC}") = "03. Calculations", "03. Calculations\03. Calculations.csproj", "{DC649BEB-C6ED-452F-98BD-C84AD434BD7E}"
EndProject
Project("{FAE04EC0-301F-11D3-BF4B-00C04F79EFBC}") = "04. Printing Triangle", "04. Printing Triangle\04. Printing Triangle.csproj", "{4FF1AE4E-218E-4ADA-96D9-0012A757E8A3}"
EndProject
Project("{FAE04EC0-301F-11D3-BF4B-00C04F79EFBC}") = "05. Orders", "05. Orders\05. Orders.csproj", "{B1AD8DAA-1E9F-49EC-8FEC-B6EE2F46D531}"
EndProject
Project("{FAE04EC0-301F-11D3-BF4B-00C04F79EFBC}") = "06. Calculate Rectangle Area", "06. Calculate Rectangle Area\06. Calculate Rectangle Area.csproj", "{827A861E-F7A3-434F-B682-02D605A704A0}"
EndProject
Project("{FAE04EC0-301F-11D3-BF4B-00C04F79EFBC}") = "07. Repeat String", "07. Repeat String\07. Repeat String.csproj", "{020CCDBC-E424-4042-BB61-04A94E5B734D}"
EndProject
Project("{FAE04EC0-301F-11D3-BF4B-00C04F79EFBC}") = "08. Math Power", "08. Math Power\08. Math Power.csproj", "{2055A899-E693-43BE-BE6B-6D40D63C55BE}"
EndProject
Project("{FAE04EC0-301F-11D3-BF4B-00C04F79EFBC}") = "09. Greater of Two Values", "09. Greater of Two Values\09. Greater of Two Values.csproj", "{1C2AEE66-863D-424A-9E5D-91990B833951}"
EndProject
Project("{FAE04EC0-301F-11D3-BF4B-00C04F79EFBC}") = "10. Multiply Evens by Odds", "10. Multiply Evens by Odds\10. Multiply Evens by Odds.csproj", "{1453D072-270A-4AD7-848F-56F6169C2881}"
EndProject
Project("{FAE04EC0-301F-11D3-BF4B-00C04F79EFBC}") = "11. Math operations", "11. Math operations\11. Math operations.csproj", "{AE499110-FE77-4AB7-8B85-FF0C120FAC51}"
EndProject
Global
	GlobalSection(SolutionConfigurationPlatforms) = preSolution
		Debug|Any CPU = Debug|Any CPU
		Release|Any CPU = Release|Any CPU
	EndGlobalSection
	GlobalSection(ProjectConfigurationPlatforms) = postSolution
		{1967C2EA-0A83-4C32-998C-A1B6B5A3C31B}.Debug|Any CPU.ActiveCfg = Debug|Any CPU
		{1967C2EA-0A83-4C32-998C-A1B6B5A3C31B}.Debug|Any CPU.Build.0 = Debug|Any CPU
		{1967C2EA-0A83-4C32-998C-A1B6B5A3C31B}.Release|Any CPU.ActiveCfg = Release|Any CPU
		{1967C2EA-0A83-4C32-998C-A1B6B5A3C31B}.Release|Any CPU.Build.0 = Release|Any CPU
		{5B0378FD-5424-4B00-A329-B51E0D81197B}.Debug|Any CPU.ActiveCfg = Debug|Any CPU
		{5B0378FD-5424-4B00-A329-B51E0D81197B}.Debug|Any CPU.Build.0 = Debug|Any CPU
		{5B0378FD-5424-4B00-A329-B51E0D81197B}.Release|Any CPU.ActiveCfg = Release|Any CPU
		{5B0378FD-5424-4B00-A329-B51E0D81197B}.Release|Any CPU.Build.0 = Release|Any CPU
		{5BE473F9-379B-4C98-BA47-6AB93347ED3A}.Debug|Any CPU.ActiveCfg = Debug|Any CPU
		{5BE473F9-379B-4C98-BA47-6AB93347ED3A}.Debug|Any CPU.Build.0 = Debug|Any CPU
		{5BE473F9-379B-4C98-BA47-6AB93347ED3A}.Release|Any CPU.ActiveCfg = Release|Any CPU
		{5BE473F9-379B-4C98-BA47-6AB93347ED3A}.Release|Any CPU.Build.0 = Release|Any CPU
		{DC649BEB-C6ED-452F-98BD-C84AD434BD7E}.Debug|Any CPU.ActiveCfg = Debug|Any CPU
		{DC649BEB-C6ED-452F-98BD-C84AD434BD7E}.Debug|Any CPU.Build.0 = Debug|Any CPU
		{DC649BEB-C6ED-452F-98BD-C84AD434BD7E}.Release|Any CPU.ActiveCfg = Release|Any CPU
		{DC649BEB-C6ED-452F-98BD-C84AD434BD7E}.Release|Any CPU.Build.0 = Release|Any CPU
		{4FF1AE4E-218E-4ADA-96D9-0012A757E8A3}.Debug|Any CPU.ActiveCfg = Debug|Any CPU
		{4FF1AE4E-218E-4ADA-96D9-0012A757E8A3}.Debug|Any CPU.Build.0 = Debug|Any CPU
		{4FF1AE4E-218E-4ADA-96D9-0012A757E8A3}.Release|Any CPU.ActiveCfg = Release|Any CPU
		{4FF1AE4E-218E-4ADA-96D9-0012A757E8A3}.Release|Any CPU.Build.0 = Release|Any CPU
		{B1AD8DAA-1E9F-49EC-8FEC-B6EE2F46D531}.Debug|Any CPU.ActiveCfg = Debug|Any CPU
		{B1AD8DAA-1E9F-49EC-8FEC-B6EE2F46D531}.Debug|Any CPU.Build.0 = Debug|Any CPU
		{B1AD8DAA-1E9F-49EC-8FEC-B6EE2F46D531}.Release|Any CPU.ActiveCfg = Release|Any CPU
		{B1AD8DAA-1E9F-49EC-8FEC-B6EE2F46D531}.Release|Any CPU.Build.0 = Release|Any CPU
		{827A861E-F7A3-434F-B682-02D605A704A0}.Debug|Any CPU.ActiveCfg = Debug|Any CPU
		{827A861E-F7A3-434F-B682-02D605A704A0}.Debug|Any CPU.Build.0 = Debug|Any CPU
		{827A861E-F7A3-434F-B682-02D605A704A0}.Release|Any CPU.ActiveCfg = Release|Any CPU
		{827A861E-F7A3-434F-B682-02D605A704A0}.Release|Any CPU.Build.0 = Release|Any CPU
		{020CCDBC-E424-4042-BB61-04A94E5B734D}.Debug|Any CPU.ActiveCfg = Debug|Any CPU
		{020CCDBC-E424-4042-BB61-04A94E5B734D}.Debug|Any CPU.Build.0 = Debug|Any CPU
		{020CCDBC-E424-4042-BB61-04A94E5B734D}.Release|Any CPU.ActiveCfg = Release|Any CPU
		{020CCDBC-E424-4042-BB61-04A94E5B734D}.Release|Any CPU.Build.0 = Release|Any CPU
		{2055A899-E693-43BE-BE6B-6D40D63C55BE}.Debug|Any CPU.ActiveCfg = Debug|Any CPU
		{2055A899-E693-43BE-BE6B-6D40D63C55BE}.Debug|Any CPU.Build.0 = Debug|Any CPU
		{2055A899-E693-43BE-BE6B-6D40D63C55BE}.Release|Any CPU.ActiveCfg = Release|Any CPU
		{2055A899-E693-43BE-BE6B-6D40D63C55BE}.Release|Any CPU.Build.0 = Release|Any CPU
		{1C2AEE66-863D-424A-9E5D-91990B833951}.Debug|Any CPU.ActiveCfg = Debug|Any CPU
		{1C2AEE66-863D-424A-9E5D-91990B833951}.Debug|Any CPU.Build.0 = Debug|Any CPU
		{1C2AEE66-863D-424A-9E5D-91990B833951}.Release|Any CPU.ActiveCfg = Release|Any CPU
		{1C2AEE66-863D-424A-9E5D-91990B833951}.Release|Any CPU.Build.0 = Release|Any CPU
		{1453D072-270A-4AD7-848F-56F6169C2881}.Debug|Any CPU.ActiveCfg = Debug|Any CPU
		{1453D072-270A-4AD7-848F-56F6169C2881}.Debug|Any CPU.Build.0 = Debug|Any CPU
		{1453D072-270A-4AD7-848F-56F6169C2881}.Release|Any CPU.ActiveCfg = Release|Any CPU
		{1453D072-270A-4AD7-848F-56F6169C2881}.Release|Any CPU.Build.0 = Release|Any CPU
		{AE499110-FE77-4AB7-8B85-FF0C120FAC51}.Debug|Any CPU.ActiveCfg = Debug|Any CPU
		{AE499110-FE77-4AB7-8B85-FF0C120FAC51}.Debug|Any CPU.Build.0 = Debug|Any CPU
		{AE499110-FE77-4AB7-8B85-FF0C120FAC51}.Release|Any CPU.ActiveCfg = Release|Any CPU
		{AE499110-FE77-4AB7-8B85-FF0C120FAC51}.Release|Any CPU.Build.0 = Release|Any CPU
	EndGlobalSection
	GlobalSection(SolutionProperties) = preSolution
		HideSolutionNode = FALSE
	EndGlobalSection
	GlobalSection(ExtensibilityGlobals) = postSolution
		SolutionGuid = {44322275-8A17-4E1F-BCD4-2C027A6298C9}
	EndGlobalSection
EndGlobal
