
Microsoft Visual Studio Solution File, Format Version 12.00
# Visual Studio 15
VisualStudioVersion = 15.0.28307.421
MinimumVisualStudioVersion = 10.0.40219.1
Project("{FAE04EC0-301F-11D3-BF4B-00C04F79EFBC}") = "Exam- 01Jul2018", "Exam- 01Jul2018\Exam- 01Jul2018.csproj", "{D81B3769-DE06-418D-8E94-0DA452DFD166}"
EndProject
Project("{FAE04EC0-301F-11D3-BF4B-00C04F79EFBC}") = "01.SoftUni Reception", "01.SoftUni Reception\01.SoftUni Reception.csproj", "{163FB73E-CECC-4A3E-8A0C-C193A65F744B}"
EndProject
Project("{FAE04EC0-301F-11D3-BF4B-00C04F79EFBC}") = "02.SoftUniCoursePlanning", "02.SoftUniCoursePlanning\02.SoftUniCoursePlanning.csproj", "{FA83F4EA-66FB-4AEC-B620-F09D58A1BB67}"
EndProject
Global
	GlobalSection(SolutionConfigurationPlatforms) = preSolution
		Debug|Any CPU = Debug|Any CPU
		Release|Any CPU = Release|Any CPU
	EndGlobalSection
	GlobalSection(ProjectConfigurationPlatforms) = postSolution
		{D81B3769-DE06-418D-8E94-0DA452DFD166}.Debug|Any CPU.ActiveCfg = Debug|Any CPU
		{D81B3769-DE06-418D-8E94-0DA452DFD166}.Debug|Any CPU.Build.0 = Debug|Any CPU
		{D81B3769-DE06-418D-8E94-0DA452DFD166}.Release|Any CPU.ActiveCfg = Release|Any CPU
		{D81B3769-DE06-418D-8E94-0DA452DFD166}.Release|Any CPU.Build.0 = Release|Any CPU
		{163FB73E-CECC-4A3E-8A0C-C193A65F744B}.Debug|Any CPU.ActiveCfg = Debug|Any CPU
		{163FB73E-CECC-4A3E-8A0C-C193A65F744B}.Debug|Any CPU.Build.0 = Debug|Any CPU
		{163FB73E-CECC-4A3E-8A0C-C193A65F744B}.Release|Any CPU.ActiveCfg = Release|Any CPU
		{163FB73E-CECC-4A3E-8A0C-C193A65F744B}.Release|Any CPU.Build.0 = Release|Any CPU
		{FA83F4EA-66FB-4AEC-B620-F09D58A1BB67}.Debug|Any CPU.ActiveCfg = Debug|Any CPU
		{FA83F4EA-66FB-4AEC-B620-F09D58A1BB67}.Debug|Any CPU.Build.0 = Debug|Any CPU
		{FA83F4EA-66FB-4AEC-B620-F09D58A1BB67}.Release|Any CPU.ActiveCfg = Release|Any CPU
		{FA83F4EA-66FB-4AEC-B620-F09D58A1BB67}.Release|Any CPU.Build.0 = Release|Any CPU
	EndGlobalSection
	GlobalSection(SolutionProperties) = preSolution
		HideSolutionNode = FALSE
	EndGlobalSection
	GlobalSection(ExtensibilityGlobals) = postSolution
		SolutionGuid = {6BD64E5A-51A5-4AFD-A09C-2ACD17742FF3}
	EndGlobalSection
EndGlobal
