
Microsoft Visual Studio Solution File, Format Version 12.00
# Visual Studio 15
VisualStudioVersion = 15.0.28307.421
MinimumVisualStudioVersion = 10.0.40219.1
Project("{FAE04EC0-301F-11D3-BF4B-00C04F79EFBC}") = "Exam-28Oct2018", "Exam-28Oct2018\Exam-28Oct2018.csproj", "{A67E4339-0AFA-4B47-BD07-255DAFF86CE1}"
EndProject
Project("{FAE04EC0-301F-11D3-BF4B-00C04F79EFBC}") = "03.Chore Wars", "03.Chore Wars\03.Chore Wars.csproj", "{956451BC-36D6-4067-801C-DC5A72A8B6F2}"
EndProject
Project("{FAE04EC0-301F-11D3-BF4B-00C04F79EFBC}") = "04.MeTube Statistics", "04.MeTube Statistics\04.MeTube Statistics.csproj", "{8D091FA3-97B3-45F9-AD63-6A8B06FF0B22}"
EndProject
Global
	GlobalSection(SolutionConfigurationPlatforms) = preSolution
		Debug|Any CPU = Debug|Any CPU
		Release|Any CPU = Release|Any CPU
	EndGlobalSection
	GlobalSection(ProjectConfigurationPlatforms) = postSolution
		{A67E4339-0AFA-4B47-BD07-255DAFF86CE1}.Debug|Any CPU.ActiveCfg = Debug|Any CPU
		{A67E4339-0AFA-4B47-BD07-255DAFF86CE1}.Debug|Any CPU.Build.0 = Debug|Any CPU
		{A67E4339-0AFA-4B47-BD07-255DAFF86CE1}.Release|Any CPU.ActiveCfg = Release|Any CPU
		{A67E4339-0AFA-4B47-BD07-255DAFF86CE1}.Release|Any CPU.Build.0 = Release|Any CPU
		{956451BC-36D6-4067-801C-DC5A72A8B6F2}.Debug|Any CPU.ActiveCfg = Debug|Any CPU
		{956451BC-36D6-4067-801C-DC5A72A8B6F2}.Debug|Any CPU.Build.0 = Debug|Any CPU
		{956451BC-36D6-4067-801C-DC5A72A8B6F2}.Release|Any CPU.ActiveCfg = Release|Any CPU
		{956451BC-36D6-4067-801C-DC5A72A8B6F2}.Release|Any CPU.Build.0 = Release|Any CPU
		{8D091FA3-97B3-45F9-AD63-6A8B06FF0B22}.Debug|Any CPU.ActiveCfg = Debug|Any CPU
		{8D091FA3-97B3-45F9-AD63-6A8B06FF0B22}.Debug|Any CPU.Build.0 = Debug|Any CPU
		{8D091FA3-97B3-45F9-AD63-6A8B06FF0B22}.Release|Any CPU.ActiveCfg = Release|Any CPU
		{8D091FA3-97B3-45F9-AD63-6A8B06FF0B22}.Release|Any CPU.Build.0 = Release|Any CPU
	EndGlobalSection
	GlobalSection(SolutionProperties) = preSolution
		HideSolutionNode = FALSE
	EndGlobalSection
	GlobalSection(ExtensibilityGlobals) = postSolution
		SolutionGuid = {A2765C7D-9496-448B-B771-104B16369D7F}
	EndGlobalSection
EndGlobal
