
Microsoft Visual Studio Solution File, Format Version 12.00
# Visual Studio 15
VisualStudioVersion = 15.0.28307.421
MinimumVisualStudioVersion = 10.0.40219.1
Project("{FAE04EC0-301F-11D3-BF4B-00C04F79EFBC}") = "MidExam-04.11.2018", "MidExam-04.11.2018\MidExam-04.11.2018.csproj", "{94D0C1C5-59A5-4105-A156-3DAF23271A2D}"
EndProject
Project("{FAE04EC0-301F-11D3-BF4B-00C04F79EFBC}") = "01. Party Profit", "01. Party Profit\01. Party Profit.csproj", "{3903D2C1-5ED2-4D92-B3EA-B6D6EBBC0DE5}"
EndProject
Project("{FAE04EC0-301F-11D3-BF4B-00C04F79EFBC}") = "02. Dungeonest Dark", "02. Dungeonest Dark\02. Dungeonest Dark.csproj", "{55B60173-61F6-4C5E-8AB6-524372061F68}"
EndProject
Project("{FAE04EC0-301F-11D3-BF4B-00C04F79EFBC}") = "03. Quests Journal", "03. Quests Journal\03. Quests Journal.csproj", "{61DF56EF-48B3-44F7-940C-6C497AF49ACC}"
EndProject
Global
	GlobalSection(SolutionConfigurationPlatforms) = preSolution
		Debug|Any CPU = Debug|Any CPU
		Release|Any CPU = Release|Any CPU
	EndGlobalSection
	GlobalSection(ProjectConfigurationPlatforms) = postSolution
		{94D0C1C5-59A5-4105-A156-3DAF23271A2D}.Debug|Any CPU.ActiveCfg = Debug|Any CPU
		{94D0C1C5-59A5-4105-A156-3DAF23271A2D}.Debug|Any CPU.Build.0 = Debug|Any CPU
		{94D0C1C5-59A5-4105-A156-3DAF23271A2D}.Release|Any CPU.ActiveCfg = Release|Any CPU
		{94D0C1C5-59A5-4105-A156-3DAF23271A2D}.Release|Any CPU.Build.0 = Release|Any CPU
		{3903D2C1-5ED2-4D92-B3EA-B6D6EBBC0DE5}.Debug|Any CPU.ActiveCfg = Debug|Any CPU
		{3903D2C1-5ED2-4D92-B3EA-B6D6EBBC0DE5}.Debug|Any CPU.Build.0 = Debug|Any CPU
		{3903D2C1-5ED2-4D92-B3EA-B6D6EBBC0DE5}.Release|Any CPU.ActiveCfg = Release|Any CPU
		{3903D2C1-5ED2-4D92-B3EA-B6D6EBBC0DE5}.Release|Any CPU.Build.0 = Release|Any CPU
		{55B60173-61F6-4C5E-8AB6-524372061F68}.Debug|Any CPU.ActiveCfg = Debug|Any CPU
		{55B60173-61F6-4C5E-8AB6-524372061F68}.Debug|Any CPU.Build.0 = Debug|Any CPU
		{55B60173-61F6-4C5E-8AB6-524372061F68}.Release|Any CPU.ActiveCfg = Release|Any CPU
		{55B60173-61F6-4C5E-8AB6-524372061F68}.Release|Any CPU.Build.0 = Release|Any CPU
		{61DF56EF-48B3-44F7-940C-6C497AF49ACC}.Debug|Any CPU.ActiveCfg = Debug|Any CPU
		{61DF56EF-48B3-44F7-940C-6C497AF49ACC}.Debug|Any CPU.Build.0 = Debug|Any CPU
		{61DF56EF-48B3-44F7-940C-6C497AF49ACC}.Release|Any CPU.ActiveCfg = Release|Any CPU
		{61DF56EF-48B3-44F7-940C-6C497AF49ACC}.Release|Any CPU.Build.0 = Release|Any CPU
	EndGlobalSection
	GlobalSection(SolutionProperties) = preSolution
		HideSolutionNode = FALSE
	EndGlobalSection
	GlobalSection(ExtensibilityGlobals) = postSolution
		SolutionGuid = {D6414854-6AEC-46A5-A5BE-12111F313C9D}
	EndGlobalSection
EndGlobal
