
Microsoft Visual Studio Solution File, Format Version 12.00
# Visual Studio 15
VisualStudioVersion = 15.0.28307.421
MinimumVisualStudioVersion = 10.0.40219.1
Project("{FAE04EC0-301F-11D3-BF4B-00C04F79EFBC}") = "Exam-23Oct2016", "Exam-23Oct2016\Exam-23Oct2016.csproj", "{7E6E87DF-BFAA-4746-93F3-B3AE99EC412D}"
EndProject
Project("{FAE04EC0-301F-11D3-BF4B-00C04F79EFBC}") = "03.Nether Realms", "03.Nether Realms\03.Nether Realms.csproj", "{3382F48C-2005-46A9-9DBE-EBD9BE10A014}"
EndProject
Project("{FAE04EC0-301F-11D3-BF4B-00C04F79EFBC}") = "04.Roli The Coder", "04.Roli The Coder\04.Roli The Coder.csproj", "{32C01C19-21AB-44A0-BD30-9A92458878EC}"
EndProject
Global
	GlobalSection(SolutionConfigurationPlatforms) = preSolution
		Debug|Any CPU = Debug|Any CPU
		Release|Any CPU = Release|Any CPU
	EndGlobalSection
	GlobalSection(ProjectConfigurationPlatforms) = postSolution
		{7E6E87DF-BFAA-4746-93F3-B3AE99EC412D}.Debug|Any CPU.ActiveCfg = Debug|Any CPU
		{7E6E87DF-BFAA-4746-93F3-B3AE99EC412D}.Debug|Any CPU.Build.0 = Debug|Any CPU
		{7E6E87DF-BFAA-4746-93F3-B3AE99EC412D}.Release|Any CPU.ActiveCfg = Release|Any CPU
		{7E6E87DF-BFAA-4746-93F3-B3AE99EC412D}.Release|Any CPU.Build.0 = Release|Any CPU
		{3382F48C-2005-46A9-9DBE-EBD9BE10A014}.Debug|Any CPU.ActiveCfg = Debug|Any CPU
		{3382F48C-2005-46A9-9DBE-EBD9BE10A014}.Debug|Any CPU.Build.0 = Debug|Any CPU
		{3382F48C-2005-46A9-9DBE-EBD9BE10A014}.Release|Any CPU.ActiveCfg = Release|Any CPU
		{3382F48C-2005-46A9-9DBE-EBD9BE10A014}.Release|Any CPU.Build.0 = Release|Any CPU
		{32C01C19-21AB-44A0-BD30-9A92458878EC}.Debug|Any CPU.ActiveCfg = Debug|Any CPU
		{32C01C19-21AB-44A0-BD30-9A92458878EC}.Debug|Any CPU.Build.0 = Debug|Any CPU
		{32C01C19-21AB-44A0-BD30-9A92458878EC}.Release|Any CPU.ActiveCfg = Release|Any CPU
		{32C01C19-21AB-44A0-BD30-9A92458878EC}.Release|Any CPU.Build.0 = Release|Any CPU
	EndGlobalSection
	GlobalSection(SolutionProperties) = preSolution
		HideSolutionNode = FALSE
	EndGlobalSection
	GlobalSection(ExtensibilityGlobals) = postSolution
		SolutionGuid = {D262F9E2-FE96-4BB8-A548-9B625B013792}
	EndGlobalSection
EndGlobal
