
Microsoft Visual Studio Solution File, Format Version 12.00
# Visual Studio 15
VisualStudioVersion = 15.0.28307.421
MinimumVisualStudioVersion = 10.0.40219.1
Project("{FAE04EC0-301F-11D3-BF4B-00C04F79EFBC}") = "ObjectsAndClasses-MoreExercis", "ObjectsAndClasses-MoreExercis\ObjectsAndClasses-MoreExercis.csproj", "{A80A2459-4296-4AFB-AE2F-66B3ED5EBA49}"
EndProject
Project("{FAE04EC0-301F-11D3-BF4B-00C04F79EFBC}") = "01. Company Roster", "01. Company Roster\01. Company Roster.csproj", "{046F9C26-4BCA-4639-8193-DAF0D882A44F}"
EndProject
Project("{FAE04EC0-301F-11D3-BF4B-00C04F79EFBC}") = "02. Oldest Family Member", "02. Oldest Family Member\02. Oldest Family Member.csproj", "{E1613DA8-68ED-4FF8-AF58-06154E857E19}"
EndProject
Project("{FAE04EC0-301F-11D3-BF4B-00C04F79EFBC}") = "03. Speed Racing", "03. Speed Racing\03. Speed Racing.csproj", "{E7C01FF3-5742-4910-A5C8-4E1175C3C572}"
EndProject
Project("{FAE04EC0-301F-11D3-BF4B-00C04F79EFBC}") = "04. Raw Data", "04. Raw Data\04. Raw Data.csproj", "{04C3163B-5857-4A68-9189-D6132CD18570}"
EndProject
Project("{FAE04EC0-301F-11D3-BF4B-00C04F79EFBC}") = "05. Shopping Spree", "05. Shopping Spree\05. Shopping Spree.csproj", "{697AAF9E-933C-436A-BA1A-67B6C53FDF2D}"
EndProject
Global
	GlobalSection(SolutionConfigurationPlatforms) = preSolution
		Debug|Any CPU = Debug|Any CPU
		Release|Any CPU = Release|Any CPU
	EndGlobalSection
	GlobalSection(ProjectConfigurationPlatforms) = postSolution
		{A80A2459-4296-4AFB-AE2F-66B3ED5EBA49}.Debug|Any CPU.ActiveCfg = Debug|Any CPU
		{A80A2459-4296-4AFB-AE2F-66B3ED5EBA49}.Debug|Any CPU.Build.0 = Debug|Any CPU
		{A80A2459-4296-4AFB-AE2F-66B3ED5EBA49}.Release|Any CPU.ActiveCfg = Release|Any CPU
		{A80A2459-4296-4AFB-AE2F-66B3ED5EBA49}.Release|Any CPU.Build.0 = Release|Any CPU
		{046F9C26-4BCA-4639-8193-DAF0D882A44F}.Debug|Any CPU.ActiveCfg = Debug|Any CPU
		{046F9C26-4BCA-4639-8193-DAF0D882A44F}.Debug|Any CPU.Build.0 = Debug|Any CPU
		{046F9C26-4BCA-4639-8193-DAF0D882A44F}.Release|Any CPU.ActiveCfg = Release|Any CPU
		{046F9C26-4BCA-4639-8193-DAF0D882A44F}.Release|Any CPU.Build.0 = Release|Any CPU
		{E1613DA8-68ED-4FF8-AF58-06154E857E19}.Debug|Any CPU.ActiveCfg = Debug|Any CPU
		{E1613DA8-68ED-4FF8-AF58-06154E857E19}.Debug|Any CPU.Build.0 = Debug|Any CPU
		{E1613DA8-68ED-4FF8-AF58-06154E857E19}.Release|Any CPU.ActiveCfg = Release|Any CPU
		{E1613DA8-68ED-4FF8-AF58-06154E857E19}.Release|Any CPU.Build.0 = Release|Any CPU
		{E7C01FF3-5742-4910-A5C8-4E1175C3C572}.Debug|Any CPU.ActiveCfg = Debug|Any CPU
		{E7C01FF3-5742-4910-A5C8-4E1175C3C572}.Debug|Any CPU.Build.0 = Debug|Any CPU
		{E7C01FF3-5742-4910-A5C8-4E1175C3C572}.Release|Any CPU.ActiveCfg = Release|Any CPU
		{E7C01FF3-5742-4910-A5C8-4E1175C3C572}.Release|Any CPU.Build.0 = Release|Any CPU
		{04C3163B-5857-4A68-9189-D6132CD18570}.Debug|Any CPU.ActiveCfg = Debug|Any CPU
		{04C3163B-5857-4A68-9189-D6132CD18570}.Debug|Any CPU.Build.0 = Debug|Any CPU
		{04C3163B-5857-4A68-9189-D6132CD18570}.Release|Any CPU.ActiveCfg = Release|Any CPU
		{04C3163B-5857-4A68-9189-D6132CD18570}.Release|Any CPU.Build.0 = Release|Any CPU
		{697AAF9E-933C-436A-BA1A-67B6C53FDF2D}.Debug|Any CPU.ActiveCfg = Debug|Any CPU
		{697AAF9E-933C-436A-BA1A-67B6C53FDF2D}.Debug|Any CPU.Build.0 = Debug|Any CPU
		{697AAF9E-933C-436A-BA1A-67B6C53FDF2D}.Release|Any CPU.ActiveCfg = Release|Any CPU
		{697AAF9E-933C-436A-BA1A-67B6C53FDF2D}.Release|Any CPU.Build.0 = Release|Any CPU
	EndGlobalSection
	GlobalSection(SolutionProperties) = preSolution
		HideSolutionNode = FALSE
	EndGlobalSection
	GlobalSection(ExtensibilityGlobals) = postSolution
		SolutionGuid = {3410BC8F-B1E3-4949-A9CD-BBBB9200320B}
	EndGlobalSection
EndGlobal
