
Microsoft Visual Studio Solution File, Format Version 12.00
# Visual Studio 15
VisualStudioVersion = 15.0.28307.421
MinimumVisualStudioVersion = 10.0.40219.1
Project("{FAE04EC0-301F-11D3-BF4B-00C04F79EFBC}") = "MidExam10Mar2019-1Gr", "MidExam10Mar2019-1Gr\MidExam10Mar2019-1Gr.csproj", "{AAF0C264-85F2-424C-B18B-EEE2A2C6E9DA}"
EndProject
Project("{FAE04EC0-301F-11D3-BF4B-00C04F79EFBC}") = "01.SpringVacation", "01.SpringVacation\01.SpringVacation.csproj", "{82E14110-9C0F-4C8F-96B6-00450F862735}"
EndProject
Project("{FAE04EC0-301F-11D3-BF4B-00C04F79EFBC}") = "02.Hello,France", "02.Hello,France\02.Hello,France.csproj", "{C476C9E1-3F61-4893-8A8B-24D97717297D}"
EndProject
Project("{FAE04EC0-301F-11D3-BF4B-00C04F79EFBC}") = "03.LastStop", "03.LastStop\03.LastStop.csproj", "{B1126B8C-FD72-4FD1-AAAB-E87337342996}"
EndProject
Global
	GlobalSection(SolutionConfigurationPlatforms) = preSolution
		Debug|Any CPU = Debug|Any CPU
		Release|Any CPU = Release|Any CPU
	EndGlobalSection
	GlobalSection(ProjectConfigurationPlatforms) = postSolution
		{AAF0C264-85F2-424C-B18B-EEE2A2C6E9DA}.Debug|Any CPU.ActiveCfg = Debug|Any CPU
		{AAF0C264-85F2-424C-B18B-EEE2A2C6E9DA}.Debug|Any CPU.Build.0 = Debug|Any CPU
		{AAF0C264-85F2-424C-B18B-EEE2A2C6E9DA}.Release|Any CPU.ActiveCfg = Release|Any CPU
		{AAF0C264-85F2-424C-B18B-EEE2A2C6E9DA}.Release|Any CPU.Build.0 = Release|Any CPU
		{82E14110-9C0F-4C8F-96B6-00450F862735}.Debug|Any CPU.ActiveCfg = Debug|Any CPU
		{82E14110-9C0F-4C8F-96B6-00450F862735}.Debug|Any CPU.Build.0 = Debug|Any CPU
		{82E14110-9C0F-4C8F-96B6-00450F862735}.Release|Any CPU.ActiveCfg = Release|Any CPU
		{82E14110-9C0F-4C8F-96B6-00450F862735}.Release|Any CPU.Build.0 = Release|Any CPU
		{C476C9E1-3F61-4893-8A8B-24D97717297D}.Debug|Any CPU.ActiveCfg = Debug|Any CPU
		{C476C9E1-3F61-4893-8A8B-24D97717297D}.Debug|Any CPU.Build.0 = Debug|Any CPU
		{C476C9E1-3F61-4893-8A8B-24D97717297D}.Release|Any CPU.ActiveCfg = Release|Any CPU
		{C476C9E1-3F61-4893-8A8B-24D97717297D}.Release|Any CPU.Build.0 = Release|Any CPU
		{B1126B8C-FD72-4FD1-AAAB-E87337342996}.Debug|Any CPU.ActiveCfg = Debug|Any CPU
		{B1126B8C-FD72-4FD1-AAAB-E87337342996}.Debug|Any CPU.Build.0 = Debug|Any CPU
		{B1126B8C-FD72-4FD1-AAAB-E87337342996}.Release|Any CPU.ActiveCfg = Release|Any CPU
		{B1126B8C-FD72-4FD1-AAAB-E87337342996}.Release|Any CPU.Build.0 = Release|Any CPU
	EndGlobalSection
	GlobalSection(SolutionProperties) = preSolution
		HideSolutionNode = FALSE
	EndGlobalSection
	GlobalSection(ExtensibilityGlobals) = postSolution
		SolutionGuid = {43322E30-E970-4D3E-9908-34496658C5B7}
	EndGlobalSection
EndGlobal
