
Microsoft Visual Studio Solution File, Format Version 12.00
# Visual Studio 15
VisualStudioVersion = 15.0.28307.421
MinimumVisualStudioVersion = 10.0.40219.1
Project("{FAE04EC0-301F-11D3-BF4B-00C04F79EFBC}") = "01. Arriving in Kathmandu", "01. Arriving in Kathmandu\01. Arriving in Kathmandu.csproj", "{3F49B63F-C58E-434E-8A76-8013CBAB1231}"
EndProject
Global
	GlobalSection(SolutionConfigurationPlatforms) = preSolution
		Debug|Any CPU = Debug|Any CPU
		Release|Any CPU = Release|Any CPU
	EndGlobalSection
	GlobalSection(ProjectConfigurationPlatforms) = postSolution
		{3F49B63F-C58E-434E-8A76-8013CBAB1231}.Debug|Any CPU.ActiveCfg = Debug|Any CPU
		{3F49B63F-C58E-434E-8A76-8013CBAB1231}.Debug|Any CPU.Build.0 = Debug|Any CPU
		{3F49B63F-C58E-434E-8A76-8013CBAB1231}.Release|Any CPU.ActiveCfg = Release|Any CPU
		{3F49B63F-C58E-434E-8A76-8013CBAB1231}.Release|Any CPU.Build.0 = Release|Any CPU
	EndGlobalSection
	GlobalSection(SolutionProperties) = preSolution
		HideSolutionNode = FALSE
	EndGlobalSection
	GlobalSection(ExtensibilityGlobals) = postSolution
		SolutionGuid = {66FB1B00-D292-4AA5-9FF7-C19823E52C5B}
	EndGlobalSection
EndGlobal
