
Microsoft Visual Studio Solution File, Format Version 12.00
# Visual Studio 15
VisualStudioVersion = 15.0.28307.421
MinimumVisualStudioVersion = 10.0.40219.1
Project("{FAE04EC0-301F-11D3-BF4B-00C04F79EFBC}") = "Exam-01Jul2018", "Exam-01Jul2018\Exam-01Jul2018.csproj", "{FA2F8D28-5344-4A5B-AF1E-EC453CB779ED}"
EndProject
Project("{FAE04EC0-301F-11D3-BF4B-00C04F79EFBC}") = "03.SoftUni Bar Income", "03.SoftUni Bar Income\03.SoftUni Bar Income.csproj", "{D3C7A05F-1173-49E7-B10C-84B993A9B13C}"
EndProject
Project("{FAE04EC0-301F-11D3-BF4B-00C04F79EFBC}") = "04.SoftUniExamResults", "04.SoftUniExamResults\04.SoftUniExamResults.csproj", "{33AC9C6F-F90D-4681-A821-6DDDFB940DEE}"
EndProject
Global
	GlobalSection(SolutionConfigurationPlatforms) = preSolution
		Debug|Any CPU = Debug|Any CPU
		Release|Any CPU = Release|Any CPU
	EndGlobalSection
	GlobalSection(ProjectConfigurationPlatforms) = postSolution
		{FA2F8D28-5344-4A5B-AF1E-EC453CB779ED}.Debug|Any CPU.ActiveCfg = Debug|Any CPU
		{FA2F8D28-5344-4A5B-AF1E-EC453CB779ED}.Debug|Any CPU.Build.0 = Debug|Any CPU
		{FA2F8D28-5344-4A5B-AF1E-EC453CB779ED}.Release|Any CPU.ActiveCfg = Release|Any CPU
		{FA2F8D28-5344-4A5B-AF1E-EC453CB779ED}.Release|Any CPU.Build.0 = Release|Any CPU
		{D3C7A05F-1173-49E7-B10C-84B993A9B13C}.Debug|Any CPU.ActiveCfg = Debug|Any CPU
		{D3C7A05F-1173-49E7-B10C-84B993A9B13C}.Debug|Any CPU.Build.0 = Debug|Any CPU
		{D3C7A05F-1173-49E7-B10C-84B993A9B13C}.Release|Any CPU.ActiveCfg = Release|Any CPU
		{D3C7A05F-1173-49E7-B10C-84B993A9B13C}.Release|Any CPU.Build.0 = Release|Any CPU
		{33AC9C6F-F90D-4681-A821-6DDDFB940DEE}.Debug|Any CPU.ActiveCfg = Debug|Any CPU
		{33AC9C6F-F90D-4681-A821-6DDDFB940DEE}.Debug|Any CPU.Build.0 = Debug|Any CPU
		{33AC9C6F-F90D-4681-A821-6DDDFB940DEE}.Release|Any CPU.ActiveCfg = Release|Any CPU
		{33AC9C6F-F90D-4681-A821-6DDDFB940DEE}.Release|Any CPU.Build.0 = Release|Any CPU
	EndGlobalSection
	GlobalSection(SolutionProperties) = preSolution
		HideSolutionNode = FALSE
	EndGlobalSection
	GlobalSection(ExtensibilityGlobals) = postSolution
		SolutionGuid = {AF4DA5C2-C772-427F-9BA4-79C3112204C8}
	EndGlobalSection
EndGlobal
