
Microsoft Visual Studio Solution File, Format Version 12.00
# Visual Studio 15
VisualStudioVersion = 15.0.28307.421
MinimumVisualStudioVersion = 10.0.40219.1
Project("{FAE04EC0-301F-11D3-BF4B-00C04F79EFBC}") = "Exam-25Apr2018", "Exam-25Apr2018\Exam-25Apr2018.csproj", "{83F42C1A-D3D0-415A-A00C-B47ACCE019CF}"
EndProject
Project("{FAE04EC0-301F-11D3-BF4B-00C04F79EFBC}") = "03.Tseam Account", "03.Tseam Account\03.Tseam Account.csproj", "{09B304A7-C1FB-4770-8314-523805177C20}"
EndProject
Project("{FAE04EC0-301F-11D3-BF4B-00C04F79EFBC}") = "04.MOBA Challenger", "04.MOBA Challenger\04.MOBA Challenger.csproj", "{574A2788-0182-42A7-9CE3-B8F10B98AADD}"
EndProject
Global
	GlobalSection(SolutionConfigurationPlatforms) = preSolution
		Debug|Any CPU = Debug|Any CPU
		Release|Any CPU = Release|Any CPU
	EndGlobalSection
	GlobalSection(ProjectConfigurationPlatforms) = postSolution
		{83F42C1A-D3D0-415A-A00C-B47ACCE019CF}.Debug|Any CPU.ActiveCfg = Debug|Any CPU
		{83F42C1A-D3D0-415A-A00C-B47ACCE019CF}.Debug|Any CPU.Build.0 = Debug|Any CPU
		{83F42C1A-D3D0-415A-A00C-B47ACCE019CF}.Release|Any CPU.ActiveCfg = Release|Any CPU
		{83F42C1A-D3D0-415A-A00C-B47ACCE019CF}.Release|Any CPU.Build.0 = Release|Any CPU
		{09B304A7-C1FB-4770-8314-523805177C20}.Debug|Any CPU.ActiveCfg = Debug|Any CPU
		{09B304A7-C1FB-4770-8314-523805177C20}.Debug|Any CPU.Build.0 = Debug|Any CPU
		{09B304A7-C1FB-4770-8314-523805177C20}.Release|Any CPU.ActiveCfg = Release|Any CPU
		{09B304A7-C1FB-4770-8314-523805177C20}.Release|Any CPU.Build.0 = Release|Any CPU
		{574A2788-0182-42A7-9CE3-B8F10B98AADD}.Debug|Any CPU.ActiveCfg = Debug|Any CPU
		{574A2788-0182-42A7-9CE3-B8F10B98AADD}.Debug|Any CPU.Build.0 = Debug|Any CPU
		{574A2788-0182-42A7-9CE3-B8F10B98AADD}.Release|Any CPU.ActiveCfg = Release|Any CPU
		{574A2788-0182-42A7-9CE3-B8F10B98AADD}.Release|Any CPU.Build.0 = Release|Any CPU
	EndGlobalSection
	GlobalSection(SolutionProperties) = preSolution
		HideSolutionNode = FALSE
	EndGlobalSection
	GlobalSection(ExtensibilityGlobals) = postSolution
		SolutionGuid = {7610B71F-6FCE-46F7-A743-B0E8CB87C563}
	EndGlobalSection
EndGlobal
