
Microsoft Visual Studio Solution File, Format Version 12.00
# Visual Studio 15
VisualStudioVersion = 15.0.28307.421
MinimumVisualStudioVersion = 10.0.40219.1
Project("{FAE04EC0-301F-11D3-BF4B-00C04F79EFBC}") = "MidExam10Mar2019-2Gr", "MidExam10Mar2019-2Gr\MidExam10Mar2019-2Gr.csproj", "{EE3B30A5-93B6-4611-9449-EFA028E94074}"
EndProject
Project("{FAE04EC0-301F-11D3-BF4B-00C04F79EFBC}") = "01.TheHuntingGames", "01.TheHuntingGames\01.TheHuntingGames.csproj", "{42DFD562-1B2E-4AC1-B9EF-045D8FE4D36A}"
EndProject
Project("{FAE04EC0-301F-11D3-BF4B-00C04F79EFBC}") = "02.SeizeTheFire", "02.SeizeTheFire\02.SeizeTheFire.csproj", "{68B65935-CC74-43F6-9913-EF3B39077325}"
EndProject
Project("{FAE04EC0-301F-11D3-BF4B-00C04F79EFBC}") = "03.TheFinalQuest", "03.TheFinalQuest\03.TheFinalQuest.csproj", "{C7EA7F08-7807-4538-BB7A-8DA42192D38E}"
EndProject
Global
	GlobalSection(SolutionConfigurationPlatforms) = preSolution
		Debug|Any CPU = Debug|Any CPU
		Release|Any CPU = Release|Any CPU
	EndGlobalSection
	GlobalSection(ProjectConfigurationPlatforms) = postSolution
		{EE3B30A5-93B6-4611-9449-EFA028E94074}.Debug|Any CPU.ActiveCfg = Debug|Any CPU
		{EE3B30A5-93B6-4611-9449-EFA028E94074}.Debug|Any CPU.Build.0 = Debug|Any CPU
		{EE3B30A5-93B6-4611-9449-EFA028E94074}.Release|Any CPU.ActiveCfg = Release|Any CPU
		{EE3B30A5-93B6-4611-9449-EFA028E94074}.Release|Any CPU.Build.0 = Release|Any CPU
		{42DFD562-1B2E-4AC1-B9EF-045D8FE4D36A}.Debug|Any CPU.ActiveCfg = Debug|Any CPU
		{42DFD562-1B2E-4AC1-B9EF-045D8FE4D36A}.Debug|Any CPU.Build.0 = Debug|Any CPU
		{42DFD562-1B2E-4AC1-B9EF-045D8FE4D36A}.Release|Any CPU.ActiveCfg = Release|Any CPU
		{42DFD562-1B2E-4AC1-B9EF-045D8FE4D36A}.Release|Any CPU.Build.0 = Release|Any CPU
		{68B65935-CC74-43F6-9913-EF3B39077325}.Debug|Any CPU.ActiveCfg = Debug|Any CPU
		{68B65935-CC74-43F6-9913-EF3B39077325}.Debug|Any CPU.Build.0 = Debug|Any CPU
		{68B65935-CC74-43F6-9913-EF3B39077325}.Release|Any CPU.ActiveCfg = Release|Any CPU
		{68B65935-CC74-43F6-9913-EF3B39077325}.Release|Any CPU.Build.0 = Release|Any CPU
		{C7EA7F08-7807-4538-BB7A-8DA42192D38E}.Debug|Any CPU.ActiveCfg = Debug|Any CPU
		{C7EA7F08-7807-4538-BB7A-8DA42192D38E}.Debug|Any CPU.Build.0 = Debug|Any CPU
		{C7EA7F08-7807-4538-BB7A-8DA42192D38E}.Release|Any CPU.ActiveCfg = Release|Any CPU
		{C7EA7F08-7807-4538-BB7A-8DA42192D38E}.Release|Any CPU.Build.0 = Release|Any CPU
	EndGlobalSection
	GlobalSection(SolutionProperties) = preSolution
		HideSolutionNode = FALSE
	EndGlobalSection
	GlobalSection(ExtensibilityGlobals) = postSolution
		SolutionGuid = {E4EEBD11-2B71-428F-81C4-889394A03F8F}
	EndGlobalSection
EndGlobal
